
Microsoft Visual Studio Solution File, Format Version 12.00
# Visual Studio Version 16
VisualStudioVersion = 16.0.30804.86
MinimumVisualStudioVersion = 10.0.40219.1
Project("{FAE04EC0-301F-11D3-BF4B-00C04F79EFBC}") = "AreaShape", "AreaShape\AreaShape.csproj", "{1FDD9B00-FD31-4214-A8D6-652AFFD120BF}"
EndProject
Project("{FAE04EC0-301F-11D3-BF4B-00C04F79EFBC}") = "AreaShapeTest", "AreaShapeTest\AreaShapeTest.csproj", "{AB6F18F4-B97C-406E-80E4-F1BBBDE3CC1F}"
EndProject
Global
	GlobalSection(SolutionConfigurationPlatforms) = preSolution
		Debug|Any CPU = Debug|Any CPU
		Release|Any CPU = Release|Any CPU
	EndGlobalSection
	GlobalSection(ProjectConfigurationPlatforms) = postSolution
		{1FDD9B00-FD31-4214-A8D6-652AFFD120BF}.Debug|Any CPU.ActiveCfg = Debug|Any CPU
		{1FDD9B00-FD31-4214-A8D6-652AFFD120BF}.Debug|Any CPU.Build.0 = Debug|Any CPU
		{1FDD9B00-FD31-4214-A8D6-652AFFD120BF}.Release|Any CPU.ActiveCfg = Release|Any CPU
		{1FDD9B00-FD31-4214-A8D6-652AFFD120BF}.Release|Any CPU.Build.0 = Release|Any CPU
		{AB6F18F4-B97C-406E-80E4-F1BBBDE3CC1F}.Debug|Any CPU.ActiveCfg = Debug|Any CPU
		{AB6F18F4-B97C-406E-80E4-F1BBBDE3CC1F}.Debug|Any CPU.Build.0 = Debug|Any CPU
		{AB6F18F4-B97C-406E-80E4-F1BBBDE3CC1F}.Release|Any CPU.ActiveCfg = Release|Any CPU
		{AB6F18F4-B97C-406E-80E4-F1BBBDE3CC1F}.Release|Any CPU.Build.0 = Release|Any CPU
	EndGlobalSection
	GlobalSection(SolutionProperties) = preSolution
		HideSolutionNode = FALSE
	EndGlobalSection
	GlobalSection(ExtensibilityGlobals) = postSolution
		SolutionGuid = {1A827C11-FC21-42DC-9CDA-B6D62B086C0C}
	EndGlobalSection
EndGlobal
